
Microsoft Visual Studio Solution File, Format Version 12.00
# Visual Studio Version 16
VisualStudioVersion = 16.0.30907.101
MinimumVisualStudioVersion = 10.0.40219.1
Project("{FAE04EC0-301F-11D3-BF4B-00C04F79EFBC}") = "myAssignment2_spring21", "myAssignment2_spring21\myAssignment2_spring21.csproj", "{1EB072A7-9B5D-40A6-8510-D36D6FDEEE0D}"
EndProject
Global
	GlobalSection(SolutionConfigurationPlatforms) = preSolution
		Debug|Any CPU = Debug|Any CPU
		Release|Any CPU = Release|Any CPU
	EndGlobalSection
	GlobalSection(ProjectConfigurationPlatforms) = postSolution
		{1EB072A7-9B5D-40A6-8510-D36D6FDEEE0D}.Debug|Any CPU.ActiveCfg = Debug|Any CPU
		{1EB072A7-9B5D-40A6-8510-D36D6FDEEE0D}.Debug|Any CPU.Build.0 = Debug|Any CPU
		{1EB072A7-9B5D-40A6-8510-D36D6FDEEE0D}.Release|Any CPU.ActiveCfg = Release|Any CPU
		{1EB072A7-9B5D-40A6-8510-D36D6FDEEE0D}.Release|Any CPU.Build.0 = Release|Any CPU
	EndGlobalSection
	GlobalSection(SolutionProperties) = preSolution
		HideSolutionNode = FALSE
	EndGlobalSection
	GlobalSection(ExtensibilityGlobals) = postSolution
		SolutionGuid = {8E4028DF-CC5F-4787-BE06-5FB7907F14DD}
	EndGlobalSection
EndGlobal
